{
  "originHash" : "71d99a5df075543b7dd3258997febd3f7ee81de4c7a78ca51223a4b9769fd7cf",
  "pins" : [
    {
      "identity" : "swift-project-service",
      "kind" : "remoteSourceControl",
      "location" : "https://github.com/femimarket/swift-project-service",
      "state" : {
        "branch" : "main",
        "revision" : "b98a8c1ed846639127e6d8fd7c8c21eb52d7d2ed"
      }
    },
    {
      "identity" : "swiftapi",
      "kind" : "remoteSourceControl",
      "location" : "https://github.com/femimarket/swiftapi",
      "state" : {
        "branch" : "main",
        "revision" : "631553fc8a137c04cb11bbbaa15623c8f5e9c009"
      }
    }
  ],
  "version" : 3
}
